
Microsoft Visual Studio Solution File, Format Version 12.00
# Visual Studio Version 17
VisualStudioVersion = 17.2.32630.192
MinimumVisualStudioVersion = 10.0.40219.1
Project("{FAE04EC0-301F-11D3-BF4B-00C04F79EFBC}") = "Visitor", "Visitor.csproj", "{ABE5A602-6E67-42A9-A983-8F6EF82C81F0}"
EndProject
Global
	GlobalSection(SolutionConfigurationPlatforms) = preSolution
		Debug|Any CPU = Debug|Any CPU
		Release|Any CPU = Release|Any CPU
	EndGlobalSection
	GlobalSection(ProjectConfigurationPlatforms) = postSolution
		{ABE5A602-6E67-42A9-A983-8F6EF82C81F0}.Debug|Any CPU.ActiveCfg = Debug|Any CPU
		{ABE5A602-6E67-42A9-A983-8F6EF82C81F0}.Debug|Any CPU.Build.0 = Debug|Any CPU
		{ABE5A602-6E67-42A9-A983-8F6EF82C81F0}.Release|Any CPU.ActiveCfg = Release|Any CPU
		{ABE5A602-6E67-42A9-A983-8F6EF82C81F0}.Release|Any CPU.Build.0 = Release|Any CPU
	EndGlobalSection
	GlobalSection(SolutionProperties) = preSolution
		HideSolutionNode = FALSE
	EndGlobalSection
	GlobalSection(ExtensibilityGlobals) = postSolution
		SolutionGuid = {6E10E41E-B116-4C4A-8D11-621B10431C3D}
	EndGlobalSection
EndGlobal
